// !$*UTF8*$!
{
	archiveVersion = 1;
	classes = {
	};
	objectVersion = 55;
	objects = {

/* Begin PBXBuildFile section */
		AC3A7CD627A803A800758EE2 /* GameModeSelectorTableViewController.swift in Sources */ = {isa = PBXBuildFile; fileRef = AC3A7CD527A803A800758EE2 /* GameModeSelectorTableViewController.swift */; };
		AC3A7CD827A963FF00758EE2 /* GraphicsCardButton.swift in Sources */ = {isa = PBXBuildFile; fileRef = AC3A7CD727A963FE00758EE2 /* GraphicsCardButton.swift */; };
		AC42C97627858275002BDE9E /* AppDelegate.swift in Sources */ = {isa = PBXBuildFile; fileRef = AC42C97527858275002BDE9E /* AppDelegate.swift */; };
		AC42C97827858275002BDE9E /* SceneDelegate.swift in Sources */ = {isa = PBXBuildFile; fileRef = AC42C97727858275002BDE9E /* SceneDelegate.swift */; };
		AC42C97A27858275002BDE9E /* SetGameViewController.swift in Sources */ = {isa = PBXBuildFile; fileRef = AC42C97927858275002BDE9E /* SetGameViewController.swift */; };
		AC42C97D27858275002BDE9E /* Main.storyboard in Resources */ = {isa = PBXBuildFile; fileRef = AC42C97B27858275002BDE9E /* Main.storyboard */; };
		AC42C97F27858276002BDE9E /* Assets.xcassets in Resources */ = {isa = PBXBuildFile; fileRef = AC42C97E27858276002BDE9E /* Assets.xcassets */; };
		AC42C98227858276002BDE9E /* LaunchScreen.storyboard in Resources */ = {isa = PBXBuildFile; fileRef = AC42C98027858276002BDE9E /* LaunchScreen.storyboard */; };
		AC42C98F278582C6002BDE9E /* CardComponents.swift in Sources */ = {isa = PBXBuildFile; fileRef = AC42C98E278582C6002BDE9E /* CardComponents.swift */; };
		AC42C99127858628002BDE9E /* Card.swift in Sources */ = {isa = PBXBuildFile; fileRef = AC42C99027858628002BDE9E /* Card.swift */; };
		AC42C994278588FB002BDE9E /* Game.swift in Sources */ = {isa = PBXBuildFile; fileRef = AC42C993278588FB002BDE9E /* Game.swift */; };
		AC42C9972785C4CF002BDE9E /* MatchCase.swift in Sources */ = {isa = PBXBuildFile; fileRef = AC42C9962785C4CF002BDE9E /* MatchCase.swift */; };
		AC42C99C27876FDC002BDE9E /* CardCell.swift in Sources */ = {isa = PBXBuildFile; fileRef = AC42C99B27876FDC002BDE9E /* CardCell.swift */; };
		ACCE130F27B2CADE00779F67 /* GraphicalCardCell.swift in Sources */ = {isa = PBXBuildFile; fileRef = ACCE130E27B2CADE00779F67 /* GraphicalCardCell.swift */; };
/* End PBXBuildFile section */

/* Begin PBXFileReference section */
		AC3A7CD527A803A800758EE2 /* GameModeSelectorTableViewController.swift */ = {isa = PBXFileReference; lastKnownFileType = sourcecode.swift; path = GameModeSelectorTableViewController.swift; sourceTree = "<group>"; };
		AC3A7CD727A963FE00758EE2 /* GraphicsCardButton.swift */ = {isa = PBXFileReference; lastKnownFileType = sourcecode.swift; path = GraphicsCardButton.swift; sourceTree = "<group>"; };
		AC42C97227858275002BDE9E /* setGame_task2.app */ = {isa = PBXFileReference; explicitFileType = wrapper.application; includeInIndex = 0; path = setGame_task2.app; sourceTree = BUILT_PRODUCTS_DIR; };
		AC42C97527858275002BDE9E /* AppDelegate.swift */ = {isa = PBXFileReference; lastKnownFileType = sourcecode.swift; path = AppDelegate.swift; sourceTree = "<group>"; };
		AC42C97727858275002BDE9E /* SceneDelegate.swift */ = {isa = PBXFileReference; lastKnownFileType = sourcecode.swift; path = SceneDelegate.swift; sourceTree = "<group>"; };
		AC42C97927858275002BDE9E /* SetGameViewController.swift */ = {isa = PBXFileReference; lastKnownFileType = sourcecode.swift; path = SetGameViewController.swift; sourceTree = "<group>"; };
		AC42C97C27858275002BDE9E /* Base */ = {isa = PBXFileReference; lastKnownFileType = file.storyboard; name = Base; path = Base.lproj/Main.storyboard; sourceTree = "<group>"; };
		AC42C97E27858276002BDE9E /* Assets.xcassets */ = {isa = PBXFileReference; lastKnownFileType = folder.assetcatalog; path = Assets.xcassets; sourceTree = "<group>"; };
		AC42C98127858276002BDE9E /* Base */ = {isa = PBXFileReference; lastKnownFileType = file.storyboard; name = Base; path = Base.lproj/LaunchScreen.storyboard; sourceTree = "<group>"; };
		AC42C98327858276002BDE9E /* Info.plist */ = {isa = PBXFileReference; lastKnownFileType = text.plist.xml; path = Info.plist; sourceTree = "<group>"; };
		AC42C98E278582C6002BDE9E /* CardComponents.swift */ = {isa = PBXFileReference; lastKnownFileType = sourcecode.swift; path = CardComponents.swift; sourceTree = "<group>"; };
		AC42C99027858628002BDE9E /* Card.swift */ = {isa = PBXFileReference; lastKnownFileType = sourcecode.swift; path = Card.swift; sourceTree = "<group>"; };
		AC42C993278588FB002BDE9E /* Game.swift */ = {isa = PBXFileReference; lastKnownFileType = sourcecode.swift; path = Game.swift; sourceTree = "<group>"; };
		AC42C9962785C4CF002BDE9E /* MatchCase.swift */ = {isa = PBXFileReference; lastKnownFileType = sourcecode.swift; path = MatchCase.swift; sourceTree = "<group>"; };
		AC42C99B27876FDC002BDE9E /* CardCell.swift */ = {isa = PBXFileReference; lastKnownFileType = sourcecode.swift; path = CardCell.swift; sourceTree = "<group>"; };
		ACCE130E27B2CADE00779F67 /* GraphicalCardCell.swift */ = {isa = PBXFileReference; lastKnownFileType = sourcecode.swift; path = GraphicalCardCell.swift; sourceTree = "<group>"; };
/* End PBXFileReference section */

/* Begin PBXFrameworksBuildPhase section */
		AC42C96F27858275002BDE9E /* Frameworks */ = {
			isa = PBXFrameworksBuildPhase;
			buildActionMask = 2147483647;
			files = (
			);
			runOnlyForDeploymentPostprocessing = 0;
		};
/* End PBXFrameworksBuildPhase section */

/* Begin PBXGroup section */
		AC42C96927858275002BDE9E = {
			isa = PBXGroup;
			children = (
				AC42C97427858275002BDE9E /* setGame_task2 */,
				AC42C97327858275002BDE9E /* Products */,
			);
			sourceTree = "<group>";
		};
		AC42C97327858275002BDE9E /* Products */ = {
			isa = PBXGroup;
			children = (
				AC42C97227858275002BDE9E /* setGame_task2.app */,
			);
			name = Products;
			sourceTree = "<group>";
		};
		AC42C97427858275002BDE9E /* setGame_task2 */ = {
			isa = PBXGroup;
			children = (
				AC42C98C2785829E002BDE9E /* View */,
				AC42C98B27858294002BDE9E /* Controller */,
				AC42C98A27858290002BDE9E /* Model */,
				AC42C98927858284002BDE9E /* SupportingFiles */,
				AC42C97E27858276002BDE9E /* Assets.xcassets */,
				AC42C98327858276002BDE9E /* Info.plist */,
			);
			path = setGame_task2;
			sourceTree = "<group>";
		};
		AC42C98927858284002BDE9E /* SupportingFiles */ = {
			isa = PBXGroup;
			children = (
				AC42C97527858275002BDE9E /* AppDelegate.swift */,
				AC42C97727858275002BDE9E /* SceneDelegate.swift */,
				AC42C98027858276002BDE9E /* LaunchScreen.storyboard */,
			);
			path = SupportingFiles;
			sourceTree = "<group>";
		};
		AC42C98A27858290002BDE9E /* Model */ = {
			isa = PBXGroup;
			children = (
				AC42C98E278582C6002BDE9E /* CardComponents.swift */,
				AC42C99027858628002BDE9E /* Card.swift */,
				AC42C993278588FB002BDE9E /* Game.swift */,
				AC42C9962785C4CF002BDE9E /* MatchCase.swift */,
				ACCE130E27B2CADE00779F67 /* GraphicalCardCell.swift */,
			);
			path = Model;
			sourceTree = "<group>";
		};
		AC42C98B27858294002BDE9E /* Controller */ = {
			isa = PBXGroup;
			children = (
				AC42C97927858275002BDE9E /* SetGameViewController.swift */,
				AC3A7CD527A803A800758EE2 /* GameModeSelectorTableViewController.swift */,
			);
			path = Controller;
			sourceTree = "<group>";
		};
		AC42C98C2785829E002BDE9E /* View */ = {
			isa = PBXGroup;
			children = (
				AC42C97B27858275002BDE9E /* Main.storyboard */,
				AC42C99B27876FDC002BDE9E /* CardCell.swift */,
				AC3A7CD727A963FE00758EE2 /* GraphicsCardButton.swift */,
			);
			path = View;
			sourceTree = "<group>";
		};
/* End PBXGroup section */

/* Begin PBXNativeTarget section */
		AC42C97127858275002BDE9E /* setGame_task2 */ = {
			isa = PBXNativeTarget;
			buildConfigurationList = AC42C98627858276002BDE9E /* Build configuration list for PBXNativeTarget "setGame_task2" */;
			buildPhases = (
				AC42C96E27858275002BDE9E /* Sources */,
				AC42C96F27858275002BDE9E /* Frameworks */,
				AC42C97027858275002BDE9E /* Resources */,
			);
			buildRules = (
			);
			dependencies = (
			);
			name = setGame_task2;
			productName = setGame_task2;
			productReference = AC42C97227858275002BDE9E /* setGame_task2.app */;
			productType = "com.apple.product-type.application";
		};
/* End PBXNativeTarget section */

/* Begin PBXProject section */
		AC42C96A27858275002BDE9E /* Project object */ = {
			isa = PBXProject;
			attributes = {
				BuildIndependentTargetsInParallel = 1;
				LastSwiftUpdateCheck = 1320;
				LastUpgradeCheck = 1320;
				TargetAttributes = {
					AC42C97127858275002BDE9E = {
						CreatedOnToolsVersion = 13.2.1;
					};
				};
			};
			buildConfigurationList = AC42C96D27858275002BDE9E /* Build configuration list for PBXProject "setGame_task2" */;
			compatibilityVersion = "Xcode 13.0";
			developmentRegion = en;
			hasScannedForEncodings = 0;
			knownRegions = (
				en,
				Base,
			);
			mainGroup = AC42C96927858275002BDE9E;
			productRefGroup = AC42C97327858275002BDE9E /* Products */;
			projectDirPath = "";
			projectRoot = "";
			targets = (
				AC42C97127858275002BDE9E /* setGame_task2 */,
			);
		};
/* End PBXProject section */

/* Begin PBXResourcesBuildPhase section */
		AC42C97027858275002BDE9E /* Resources */ = {
			isa = PBXResourcesBuildPhase;
			buildActionMask = 2147483647;
			files = (
				AC42C98227858276002BDE9E /* LaunchScreen.storyboard in Resources */,
				AC42C97F27858276002BDE9E /* Assets.xcassets in Resources */,
				AC42C97D27858275002BDE9E /* Main.storyboard in Resources */,
			);
			runOnlyForDeploymentPostprocessing = 0;
		};
/* End PBXResourcesBuildPhase section */

/* Begin PBXSourcesBuildPhase section */
		AC42C96E27858275002BDE9E /* Sources */ = {
			isa = PBXSourcesBuildPhase;
			buildActionMask = 2147483647;
			files = (
				AC42C97A27858275002BDE9E /* SetGameViewController.swift in Sources */,
				AC42C994278588FB002BDE9E /* Game.swift in Sources */,
				ACCE130F27B2CADE00779F67 /* GraphicalCardCell.swift in Sources */,
				AC42C98F278582C6002BDE9E /* CardComponents.swift in Sources */,
				AC42C99127858628002BDE9E /* Card.swift in Sources */,
				AC42C97627858275002BDE9E /* AppDelegate.swift in Sources */,
				AC42C9972785C4CF002BDE9E /* MatchCase.swift in Sources */,
				AC42C97827858275002BDE9E /* SceneDelegate.swift in Sources */,
				AC3A7CD627A803A800758EE2 /* GameModeSelectorTableViewController.swift in Sources */,
				AC3A7CD827A963FF00758EE2 /* GraphicsCardButton.swift in Sources */,
				AC42C99C27876FDC002BDE9E /* CardCell.swift in Sources */,
			);
			runOnlyForDeploymentPostprocessing = 0;
		};
/* End PBXSourcesBuildPhase section */

/* Begin PBXVariantGroup section */
		AC42C97B27858275002BDE9E /* Main.storyboard */ = {
			isa = PBXVariantGroup;
			children = (
				AC42C97C27858275002BDE9E /* Base */,
			);
			name = Main.storyboard;
			sourceTree = "<group>";
		};
		AC42C98027858276002BDE9E /* LaunchScreen.storyboard */ = {
			isa = PBXVariantGroup;
			children = (
				AC42C98127858276002BDE9E /* Base */,
			);
			name = LaunchScreen.storyboard;
			sourceTree = "<group>";
		};
/* End PBXVariantGroup section */

/* Begin XCBuildConfiguration section */
		AC42C98427858276002BDE9E /* Debug */ = {
			isa = XCBuildConfiguration;
			buildSettings = {
				ALWAYS_SEARCH_USER_PATHS = NO;
				CLANG_ANALYZER_NONNULL = YES;
				CLANG_ANALYZER_NUMBER_OBJECT_CONVERSION = YES_AGGRESSIVE;
				CLANG_CXX_LANGUAGE_STANDARD = "gnu++17";
				CLANG_CXX_LIBRARY = "libc++";
				CLANG_ENABLE_MODULES = YES;
				CLANG_ENABLE_OBJC_ARC = YES;
				CLANG_ENABLE_OBJC_WEAK = YES;
				CLANG_WARN_BLOCK_CAPTURE_AUTORELEASING = YES;
				CLANG_WARN_BOOL_CONVERSION = YES;
				CLANG_WARN_COMMA = YES;
				CLANG_WARN_CONSTANT_CONVERSION = YES;
				CLANG_WARN_DEPRECATED_OBJC_IMPLEMENTATIONS = YES;
				CLANG_WARN_DIRECT_OBJC_ISA_USAGE = YES_ERROR;
				CLANG_WARN_DOCUMENTATION_COMMENTS = YES;
				CLANG_WARN_EMPTY_BODY = YES;
				CLANG_WARN_ENUM_CONVERSION = YES;
				CLANG_WARN_INFINITE_RECURSION = YES;
				CLANG_WARN_INT_CONVERSION = YES;
				CLANG_WARN_NON_LITERAL_NULL_CONVERSION = YES;
				CLANG_WARN_OBJC_IMPLICIT_RETAIN_SELF = YES;
				CLANG_WARN_OBJC_LITERAL_CONVERSION = YES;
				CLANG_WARN_OBJC_ROOT_CLASS = YES_ERROR;
				CLANG_WARN_QUOTED_INCLUDE_IN_FRAMEWORK_HEADER = YES;
				CLANG_WARN_RANGE_LOOP_ANALYSIS = YES;
				CLANG_WARN_STRICT_PROTOTYPES = YES;
				CLANG_WARN_SUSPICIOUS_MOVE = YES;
				CLANG_WARN_UNGUARDED_AVAILABILITY = YES_AGGRESSIVE;
				CLANG_WARN_UNREACHABLE_CODE = YES;
				CLANG_WARN__DUPLICATE_METHOD_MATCH = YES;
				COPY_PHASE_STRIP = NO;
				DEBUG_INFORMATION_FORMAT = dwarf;
				ENABLE_STRICT_OBJC_MSGSEND = YES;
				ENABLE_TESTABILITY = YES;
				GCC_C_LANGUAGE_STANDARD = gnu11;
				GCC_DYNAMIC_NO_PIC = NO;
				GCC_NO_COMMON_BLOCKS = YES;
				GCC_OPTIMIZATION_LEVEL = 0;
				GCC_PREPROCESSOR_DEFINITIONS = (
					"DEBUG=1",
					"$(inherited)",
				);
				GCC_WARN_64_TO_32_BIT_CONVERSION = YES;
				GCC_WARN_ABOUT_RETURN_TYPE = YES_ERROR;
				GCC_WARN_UNDECLARED_SELECTOR = YES;
				GCC_WARN_UNINITIALIZED_AUTOS = YES_AGGRESSIVE;
				GCC_WARN_UNUSED_FUNCTION = YES;
				GCC_WARN_UNUSED_VARIABLE = YES;
				IPHONEOS_DEPLOYMENT_TARGET = 15.2;
				MTL_ENABLE_DEBUG_INFO = INCLUDE_SOURCE;
				MTL_FAST_MATH = YES;
				ONLY_ACTIVE_ARCH = YES;
				SDKROOT = iphoneos;
				SWIFT_ACTIVE_COMPILATION_CONDITIONS = DEBUG;
				SWIFT_OPTIMIZATION_LEVEL = "-Onone";
			};
			name = Debug;
		};
		AC42C98527858276002BDE9E /* Release */ = {
			isa = XCBuildConfiguration;
			buildSettings = {
				ALWAYS_SEARCH_USER_PATHS = NO;
				CLANG_ANALYZER_NONNULL = YES;
				CLANG_ANALYZER_NUMBER_OBJECT_CONVERSION = YES_AGGRESSIVE;
				CLANG_CXX_LANGUAGE_STANDARD = "gnu++17";
				CLANG_CXX_LIBRARY = "libc++";
				CLANG_ENABLE_MODULES = YES;
				CLANG_ENABLE_OBJC_ARC = YES;
				CLANG_ENABLE_OBJC_WEAK = YES;
				CLANG_WARN_BLOCK_CAPTURE_AUTORELEASING = YES;
				CLANG_WARN_BOOL_CONVERSION = YES;
				CLANG_WARN_COMMA = YES;
				CLANG_WARN_CONSTANT_CONVERSION = YES;
				CLANG_WARN_DEPRECATED_OBJC_IMPLEMENTATIONS = YES;
				CLANG_WARN_DIRECT_OBJC_ISA_USAGE = YES_ERROR;
				CLANG_WARN_DOCUMENTATION_COMMENTS = YES;
				CLANG_WARN_EMPTY_BODY = YES;
				CLANG_WARN_ENUM_CONVERSION = YES;
				CLANG_WARN_INFINITE_RECURSION = YES;
				CLANG_WARN_INT_CONVERSION = YES;
				CLANG_WARN_NON_LITERAL_NULL_CONVERSION = YES;
				CLANG_WARN_OBJC_IMPLICIT_RETAIN_SELF = YES;
				CLANG_WARN_OBJC_LITERAL_CONVERSION = YES;
				CLANG_WARN_OBJC_ROOT_CLASS = YES_ERROR;
				CLANG_WARN_QUOTED_INCLUDE_IN_FRAMEWORK_HEADER = YES;
				CLANG_WARN_RANGE_LOOP_ANALYSIS = YES;
				CLANG_WARN_STRICT_PROTOTYPES = YES;
				CLANG_WARN_SUSPICIOUS_MOVE = YES;
				CLANG_WARN_UNGUARDED_AVAILABILITY = YES_AGGRESSIVE;
				CLANG_WARN_UNREACHABLE_CODE = YES;
				CLANG_WARN__DUPLICATE_METHOD_MATCH = YES;
				COPY_PHASE_STRIP = NO;
				DEBUG_INFORMATION_FORMAT = "dwarf-with-dsym";
				ENABLE_NS_ASSERTIONS = NO;
				ENABLE_STRICT_OBJC_MSGSEND = YES;
				GCC_C_LANGUAGE_STANDARD = gnu11;
				GCC_NO_COMMON_BLOCKS = YES;
				GCC_WARN_64_TO_32_BIT_CONVERSION = YES;
				GCC_WARN_ABOUT_RETURN_TYPE = YES_ERROR;
				GCC_WARN_UNDECLARED_SELECTOR = YES;
				GCC_WARN_UNINITIALIZED_AUTOS = YES_AGGRESSIVE;
				GCC_WARN_UNUSED_FUNCTION = YES;
				GCC_WARN_UNUSED_VARIABLE = YES;
				IPHONEOS_DEPLOYMENT_TARGET = 15.2;
				MTL_ENABLE_DEBUG_INFO = NO;
				MTL_FAST_MATH = YES;
				SDKROOT = iphoneos;
				SWIFT_COMPILATION_MODE = wholemodule;
				SWIFT_OPTIMIZATION_LEVEL = "-O";
				VALIDATE_PRODUCT = YES;
			};
			name = Release;
		};
		AC42C98727858276002BDE9E /* Debug */ = {
			isa = XCBuildConfiguration;
			buildSettings = {
				ASSETCATALOG_COMPILER_APPICON_NAME = AppIcon;
				ASSETCATALOG_COMPILER_GLOBAL_ACCENT_COLOR_NAME = AccentColor;
				CODE_SIGN_STYLE = Automatic;
				CURRENT_PROJECT_VERSION = 1;
				DEVELOPMENT_TEAM = FACS5QY45H;
				GENERATE_INFOPLIST_FILE = YES;
				INFOPLIST_FILE = setGame_task2/Info.plist;
				INFOPLIST_KEY_UIApplicationSupportsIndirectInputEvents = YES;
				INFOPLIST_KEY_UILaunchStoryboardName = LaunchScreen;
				INFOPLIST_KEY_UIMainStoryboardFile = Main;
				INFOPLIST_KEY_UISupportedInterfaceOrientations_iPad = "UIInterfaceOrientationPortrait UIInterfaceOrientationPortraitUpsideDown UIInterfaceOrientationLandscapeLeft UIInterfaceOrientationLandscapeRight";
				INFOPLIST_KEY_UISupportedInterfaceOrientations_iPhone = "UIInterfaceOrientationPortrait UIInterfaceOrientationLandscapeLeft UIInterfaceOrientationLandscapeRight";
				LD_RUNPATH_SEARCH_PATHS = (
					"$(inherited)",
					"@executable_path/Frameworks",
				);
				MARKETING_VERSION = 1.0;
				PRODUCT_BUNDLE_IDENTIFIER = "me.whothefuckis.setGame-task2";
				PRODUCT_NAME = "$(TARGET_NAME)";
				SWIFT_EMIT_LOC_STRINGS = YES;
				SWIFT_VERSION = 5.0;
				TARGETED_DEVICE_FAMILY = "1,2";
			};
			name = Debug;
		};
		AC42C98827858276002BDE9E /* Release */ = {
			isa = XCBuildConfiguration;
			buildSettings = {
				ASSETCATALOG_COMPILER_APPICON_NAME = AppIcon;
				ASSETCATALOG_COMPILER_GLOBAL_ACCENT_COLOR_NAME = AccentColor;
				CODE_SIGN_STYLE = Automatic;
				CURRENT_PROJECT_VERSION = 1;
				DEVELOPMENT_TEAM = FACS5QY45H;
				GENERATE_INFOPLIST_FILE = YES;
				INFOPLIST_FILE = setGame_task2/Info.plist;
				INFOPLIST_KEY_UIApplicationSupportsIndirectInputEvents = YES;
				INFOPLIST_KEY_UILaunchStoryboardName = LaunchScreen;
				INFOPLIST_KEY_UIMainStoryboardFile = Main;
				INFOPLIST_KEY_UISupportedInterfaceOrientations_iPad = "UIInterfaceOrientationPortrait UIInterfaceOrientationPortraitUpsideDown UIInterfaceOrientationLandscapeLeft UIInterfaceOrientationLandscapeRight";
				INFOPLIST_KEY_UISupportedInterfaceOrientations_iPhone = "UIInterfaceOrientationPortrait UIInterfaceOrientationLandscapeLeft UIInterfaceOrientationLandscapeRight";
				LD_RUNPATH_SEARCH_PATHS = (
					"$(inherited)",
					"@executable_path/Frameworks",
				);
				MARKETING_VERSION = 1.0;
				PRODUCT_BUNDLE_IDENTIFIER = "me.whothefuckis.setGame-task2";
				PRODUCT_NAME = "$(TARGET_NAME)";
				SWIFT_EMIT_LOC_STRINGS = YES;
				SWIFT_VERSION = 5.0;
				TARGETED_DEVICE_FAMILY = "1,2";
			};
			name = Release;
		};
/* End XCBuildConfiguration section */

/* Begin XCConfigurationList section */
		AC42C96D27858275002BDE9E /* Build configuration list for PBXProject "setGame_task2" */ = {
			isa = XCConfigurationList;
			buildConfigurations = (
				AC42C98427858276002BDE9E /* Debug */,
				AC42C98527858276002BDE9E /* Release */,
			);
			defaultConfigurationIsVisible = 0;
			defaultConfigurationName = Release;
		};
		AC42C98627858276002BDE9E /* Build configuration list for PBXNativeTarget "setGame_task2" */ = {
			isa = XCConfigurationList;
			buildConfigurations = (
				AC42C98727858276002BDE9E /* Debug */,
				AC42C98827858276002BDE9E /* Release */,
			);
			defaultConfigurationIsVisible = 0;
			defaultConfigurationName = Release;
		};
/* End XCConfigurationList section */
	};
	rootObject = AC42C96A27858275002BDE9E /* Project object */;
}
